
Microsoft Visual Studio Solution File, Format Version 12.00
# Visual Studio Version 17
VisualStudioVersion = 17.0.31903.59
MinimumVisualStudioVersion = 10.0.40219.1
Project("{2150E333-8FDC-42A3-9474-1A3956D46DE8}") = "aspire", "aspire", "{CD3FF79F-43C3-4369-8190-6F1567E34BF8}"
EndProject
Project("{FAE04EC0-301F-11D3-BF4B-00C04F79EFBC}") = "TeamHub.AppHost", "aspire\TeamHub.AppHost\TeamHub.AppHost.csproj", "{957F55C7-B5D1-4515-A62D-F7D557F363CE}"
EndProject
Project("{FAE04EC0-301F-11D3-BF4B-00C04F79EFBC}") = "TeamHub.ServiceDefaults", "aspire\TeamHub.ServiceDefaults\TeamHub.ServiceDefaults.csproj", "{47317D2E-9146-4CD3-AAEF-EF4F6C667218}"
EndProject
Project("{2150E333-8FDC-42A3-9474-1A3956D46DE8}") = "services", "services", "{5EF46000-3E9B-4371-ACD5-7361A0BB59B9}"
EndProject
Project("{2150E333-8FDC-42A3-9474-1A3956D46DE8}") = "team-hub-auth", "team-hub-auth", "{C5AB2292-CB43-456F-94CD-AE137EF98E32}"
EndProject
Project("{FAE04EC0-301F-11D3-BF4B-00C04F79EFBC}") = "team-hub-auth", "services\team-hub-auth\team-hub-auth\team-hub-auth.csproj", "{EFDED725-FE18-48ED-A4D3-329B2F93CB98}"
EndProject
Project("{2150E333-8FDC-42A3-9474-1A3956D46DE8}") = "team-hub-gateway", "team-hub-gateway", "{2500BB3A-9B7D-4861-8253-6E07DA83D799}"
EndProject
Project("{FAE04EC0-301F-11D3-BF4B-00C04F79EFBC}") = "team-hub-gateway", "services\team-hub-gateway\team-hub-gateway\team-hub-gateway.csproj", "{F07DC549-B48A-4F27-8091-284C65F2CAF2}"
EndProject
Project("{2150E333-8FDC-42A3-9474-1A3956D46DE8}") = "team-hub-organization", "team-hub-organization", "{A1B2C3D4-E5F6-7890-ABCD-EF1234567890}"
EndProject
Project("{FAE04EC0-301F-11D3-BF4B-00C04F79EFBC}") = "team-hub-organization", "services\team-hub-organization\team-hub-organization\team-hub-organization.csproj", "{B2C3D4E5-F6A7-8901-BCDE-F12345678901}"
EndProject
Project("{2150E333-8FDC-42A3-9474-1A3956D46DE8}") = "building-blocks", "building-blocks", "{44B8BF88-F247-4E3F-9489-44B353376C0D}"
EndProject
Project("{FAE04EC0-301F-11D3-BF4B-00C04F79EFBC}") = "TeamHub.Redis", "building-blocks\TeamHub.Redis\TeamHub.Redis.csproj", "{EE5957A0-CAF9-43CF-8219-BF83506887C4}"
EndProject
Project("{FAE04EC0-301F-11D3-BF4B-00C04F79EFBC}") = "TeamHub.Kafka", "building-blocks\TeamHub.Kafka\TeamHub.Kafka.csproj", "{A8C4E2F1-9B3D-4E6A-8C1F-2D5E7A9B0C3D}"
EndProject
Project("{FAE04EC0-301F-11D3-BF4B-00C04F79EFBC}") = "TeamHub.Observability", "building-blocks\TeamHub.Observability\TeamHub.Observability.csproj", "{CAA7F433-F525-4E0C-A38C-28A1CC0DD80D}"
EndProject
Project("{FAE04EC0-301F-11D3-BF4B-00C04F79EFBC}") = "TeamHub.BlobStorage", "building-blocks\TeamHub.BlobStorage\TeamHub.BlobStorage.csproj", "{D1E2F3A4-B5C6-7890-D1E2-F3A4B5C67890}"
EndProject
Project("{FAE04EC0-301F-11D3-BF4B-00C04F79EFBC}") = "TeamHub.GrpcContracts", "building-blocks\TeamHub.GrpcContracts\TeamHub.GrpcContracts.csproj", "{B102F032-0EB6-4D69-986E-BEF8F1C604F2}"
EndProject
Project("{2150E333-8FDC-42A3-9474-1A3956D46DE8}") = "team-hub-bff", "team-hub-bff", "{23ED2749-A63C-42F6-BE9F-1F1BB0DA083E}"
EndProject
Project("{FAE04EC0-301F-11D3-BF4B-00C04F79EFBC}") = "team-hub-bff", "services\team-hub-bff\team-hub-bff\team-hub-bff.csproj", "{A7997BE1-7687-439E-92BA-5BB65E29B2A1}"
EndProject
Project("{2150E333-8FDC-42A3-9474-1A3956D46DE8}") = "team-hub-notification", "team-hub-notification", "{F8364035-CDA1-3FFB-89C5-187C916D220D}"
EndProject
Project("{FAE04EC0-301F-11D3-BF4B-00C04F79EFBC}") = "team-hub-notification", "services\team-hub-notification\team-hub-notification\team-hub-notification.csproj", "{048B0260-5B84-4D71-AED7-7674E964AB04}"
EndProject
Project("{FAE04EC0-301F-11D3-BF4B-00C04F79EFBC}") = "TeamHub.Configuration", "building-blocks\TeamHub.Configuration\TeamHub.Configuration.csproj", "{2FCE259F-D369-4A9B-884A-70C19EC3EBF4}"
EndProject
Project("{FAE04EC0-301F-11D3-BF4B-00C04F79EFBC}") = "TeamHub.DemoSeed", "building-blocks\TeamHub.DemoSeed\TeamHub.DemoSeed.csproj", "{5203D5E9-B882-486D-8DF2-A43A26FF637B}"
EndProject
Project("{FAE04EC0-301F-11D3-BF4B-00C04F79EFBC}") = "team-hub-notification.Tests", "services\team-hub-notification\team-hub-notification.Tests\team-hub-notification.Tests.csproj", "{0BCDF10C-5B6A-4D65-AC19-8C99372D4B15}"
EndProject
Project("{2150E333-8FDC-42A3-9474-1A3956D46DE8}") = "team-hub-chat", "team-hub-chat", "{566CC9D6-C01A-7B80-907E-26E496156BF2}"
EndProject
Project("{FAE04EC0-301F-11D3-BF4B-00C04F79EFBC}") = "team-hub-chat", "services\team-hub-chat\team-hub-chat\team-hub-chat.csproj", "{A29D9E46-87EA-48C7-BA6C-2BA623296611}"
EndProject
Project("{FAE04EC0-301F-11D3-BF4B-00C04F79EFBC}") = "team-hub-chat.Tests", "services\team-hub-chat\team-hub-chat.Tests\team-hub-chat.Tests.csproj", "{7F3A9C21-8E4B-4D6A-A1C2-9B0E5F7D3A18}"
EndProject
Global
	GlobalSection(SolutionConfigurationPlatforms) = preSolution
		Debug|Any CPU = Debug|Any CPU
		Debug|x64 = Debug|x64
		Debug|x86 = Debug|x86
		Release|Any CPU = Release|Any CPU
		Release|x64 = Release|x64
		Release|x86 = Release|x86
	EndGlobalSection
	GlobalSection(ProjectConfigurationPlatforms) = postSolution
		{957F55C7-B5D1-4515-A62D-F7D557F363CE}.Debug|Any CPU.ActiveCfg = Debug|Any CPU
		{957F55C7-B5D1-4515-A62D-F7D557F363CE}.Debug|Any CPU.Build.0 = Debug|Any CPU
		{957F55C7-B5D1-4515-A62D-F7D557F363CE}.Debug|x64.ActiveCfg = Debug|Any CPU
		{957F55C7-B5D1-4515-A62D-F7D557F363CE}.Debug|x64.Build.0 = Debug|Any CPU
		{957F55C7-B5D1-4515-A62D-F7D557F363CE}.Debug|x86.ActiveCfg = Debug|Any CPU
		{957F55C7-B5D1-4515-A62D-F7D557F363CE}.Debug|x86.Build.0 = Debug|Any CPU
		{957F55C7-B5D1-4515-A62D-F7D557F363CE}.Release|Any CPU.ActiveCfg = Release|Any CPU
		{957F55C7-B5D1-4515-A62D-F7D557F363CE}.Release|Any CPU.Build.0 = Release|Any CPU
		{957F55C7-B5D1-4515-A62D-F7D557F363CE}.Release|x64.ActiveCfg = Release|Any CPU
		{957F55C7-B5D1-4515-A62D-F7D557F363CE}.Release|x64.Build.0 = Release|Any CPU
		{957F55C7-B5D1-4515-A62D-F7D557F363CE}.Release|x86.ActiveCfg = Release|Any CPU
		{957F55C7-B5D1-4515-A62D-F7D557F363CE}.Release|x86.Build.0 = Release|Any CPU
		{47317D2E-9146-4CD3-AAEF-EF4F6C667218}.Debug|Any CPU.ActiveCfg = Debug|Any CPU
		{47317D2E-9146-4CD3-AAEF-EF4F6C667218}.Debug|Any CPU.Build.0 = Debug|Any CPU
		{47317D2E-9146-4CD3-AAEF-EF4F6C667218}.Debug|x64.ActiveCfg = Debug|Any CPU
		{47317D2E-9146-4CD3-AAEF-EF4F6C667218}.Debug|x64.Build.0 = Debug|Any CPU
		{47317D2E-9146-4CD3-AAEF-EF4F6C667218}.Debug|x86.ActiveCfg = Debug|Any CPU
		{47317D2E-9146-4CD3-AAEF-EF4F6C667218}.Debug|x86.Build.0 = Debug|Any CPU
		{47317D2E-9146-4CD3-AAEF-EF4F6C667218}.Release|Any CPU.ActiveCfg = Release|Any CPU
		{47317D2E-9146-4CD3-AAEF-EF4F6C667218}.Release|Any CPU.Build.0 = Release|Any CPU
		{47317D2E-9146-4CD3-AAEF-EF4F6C667218}.Release|x64.ActiveCfg = Release|Any CPU
		{47317D2E-9146-4CD3-AAEF-EF4F6C667218}.Release|x64.Build.0 = Release|Any CPU
		{47317D2E-9146-4CD3-AAEF-EF4F6C667218}.Release|x86.ActiveCfg = Release|Any CPU
		{47317D2E-9146-4CD3-AAEF-EF4F6C667218}.Release|x86.Build.0 = Release|Any CPU
		{EFDED725-FE18-48ED-A4D3-329B2F93CB98}.Debug|Any CPU.ActiveCfg = Debug|Any CPU
		{EFDED725-FE18-48ED-A4D3-329B2F93CB98}.Debug|Any CPU.Build.0 = Debug|Any CPU
		{EFDED725-FE18-48ED-A4D3-329B2F93CB98}.Debug|x64.ActiveCfg = Debug|Any CPU
		{EFDED725-FE18-48ED-A4D3-329B2F93CB98}.Debug|x64.Build.0 = Debug|Any CPU
		{EFDED725-FE18-48ED-A4D3-329B2F93CB98}.Debug|x86.ActiveCfg = Debug|Any CPU
		{EFDED725-FE18-48ED-A4D3-329B2F93CB98}.Debug|x86.Build.0 = Debug|Any CPU
		{EFDED725-FE18-48ED-A4D3-329B2F93CB98}.Release|Any CPU.ActiveCfg = Release|Any CPU
		{EFDED725-FE18-48ED-A4D3-329B2F93CB98}.Release|Any CPU.Build.0 = Release|Any CPU
		{EFDED725-FE18-48ED-A4D3-329B2F93CB98}.Release|x64.ActiveCfg = Release|Any CPU
		{EFDED725-FE18-48ED-A4D3-329B2F93CB98}.Release|x64.Build.0 = Release|Any CPU
		{EFDED725-FE18-48ED-A4D3-329B2F93CB98}.Release|x86.ActiveCfg = Release|Any CPU
		{EFDED725-FE18-48ED-A4D3-329B2F93CB98}.Release|x86.Build.0 = Release|Any CPU
		{F07DC549-B48A-4F27-8091-284C65F2CAF2}.Debug|Any CPU.ActiveCfg = Debug|Any CPU
		{F07DC549-B48A-4F27-8091-284C65F2CAF2}.Debug|Any CPU.Build.0 = Debug|Any CPU
		{F07DC549-B48A-4F27-8091-284C65F2CAF2}.Debug|x64.ActiveCfg = Debug|Any CPU
		{F07DC549-B48A-4F27-8091-284C65F2CAF2}.Debug|x64.Build.0 = Debug|Any CPU
		{F07DC549-B48A-4F27-8091-284C65F2CAF2}.Debug|x86.ActiveCfg = Debug|Any CPU
		{F07DC549-B48A-4F27-8091-284C65F2CAF2}.Debug|x86.Build.0 = Debug|Any CPU
		{F07DC549-B48A-4F27-8091-284C65F2CAF2}.Release|Any CPU.ActiveCfg = Release|Any CPU
		{F07DC549-B48A-4F27-8091-284C65F2CAF2}.Release|Any CPU.Build.0 = Release|Any CPU
		{F07DC549-B48A-4F27-8091-284C65F2CAF2}.Release|x64.ActiveCfg = Release|Any CPU
		{F07DC549-B48A-4F27-8091-284C65F2CAF2}.Release|x64.Build.0 = Release|Any CPU
		{F07DC549-B48A-4F27-8091-284C65F2CAF2}.Release|x86.ActiveCfg = Release|Any CPU
		{F07DC549-B48A-4F27-8091-284C65F2CAF2}.Release|x86.Build.0 = Release|Any CPU
		{B2C3D4E5-F6A7-8901-BCDE-F12345678901}.Debug|Any CPU.ActiveCfg = Debug|Any CPU
		{B2C3D4E5-F6A7-8901-BCDE-F12345678901}.Debug|Any CPU.Build.0 = Debug|Any CPU
		{B2C3D4E5-F6A7-8901-BCDE-F12345678901}.Debug|x64.ActiveCfg = Debug|Any CPU
		{B2C3D4E5-F6A7-8901-BCDE-F12345678901}.Debug|x64.Build.0 = Debug|Any CPU
		{B2C3D4E5-F6A7-8901-BCDE-F12345678901}.Debug|x86.ActiveCfg = Debug|Any CPU
		{B2C3D4E5-F6A7-8901-BCDE-F12345678901}.Debug|x86.Build.0 = Debug|Any CPU
		{B2C3D4E5-F6A7-8901-BCDE-F12345678901}.Release|Any CPU.ActiveCfg = Release|Any CPU
		{B2C3D4E5-F6A7-8901-BCDE-F12345678901}.Release|Any CPU.Build.0 = Release|Any CPU
		{B2C3D4E5-F6A7-8901-BCDE-F12345678901}.Release|x64.ActiveCfg = Release|Any CPU
		{B2C3D4E5-F6A7-8901-BCDE-F12345678901}.Release|x64.Build.0 = Release|Any CPU
		{B2C3D4E5-F6A7-8901-BCDE-F12345678901}.Release|x86.ActiveCfg = Release|Any CPU
		{B2C3D4E5-F6A7-8901-BCDE-F12345678901}.Release|x86.Build.0 = Release|Any CPU
		{EE5957A0-CAF9-43CF-8219-BF83506887C4}.Debug|Any CPU.ActiveCfg = Debug|Any CPU
		{EE5957A0-CAF9-43CF-8219-BF83506887C4}.Debug|Any CPU.Build.0 = Debug|Any CPU
		{EE5957A0-CAF9-43CF-8219-BF83506887C4}.Debug|x64.ActiveCfg = Debug|Any CPU
		{EE5957A0-CAF9-43CF-8219-BF83506887C4}.Debug|x64.Build.0 = Debug|Any CPU
		{EE5957A0-CAF9-43CF-8219-BF83506887C4}.Debug|x86.ActiveCfg = Debug|Any CPU
		{EE5957A0-CAF9-43CF-8219-BF83506887C4}.Debug|x86.Build.0 = Debug|Any CPU
		{EE5957A0-CAF9-43CF-8219-BF83506887C4}.Release|Any CPU.ActiveCfg = Release|Any CPU
		{EE5957A0-CAF9-43CF-8219-BF83506887C4}.Release|Any CPU.Build.0 = Release|Any CPU
		{EE5957A0-CAF9-43CF-8219-BF83506887C4}.Release|x64.ActiveCfg = Release|Any CPU
		{EE5957A0-CAF9-43CF-8219-BF83506887C4}.Release|x64.Build.0 = Release|Any CPU
		{EE5957A0-CAF9-43CF-8219-BF83506887C4}.Release|x86.ActiveCfg = Release|Any CPU
		{EE5957A0-CAF9-43CF-8219-BF83506887C4}.Release|x86.Build.0 = Release|Any CPU
		{A8C4E2F1-9B3D-4E6A-8C1F-2D5E7A9B0C3D}.Debug|Any CPU.ActiveCfg = Debug|Any CPU
		{A8C4E2F1-9B3D-4E6A-8C1F-2D5E7A9B0C3D}.Debug|Any CPU.Build.0 = Debug|Any CPU
		{A8C4E2F1-9B3D-4E6A-8C1F-2D5E7A9B0C3D}.Debug|x64.ActiveCfg = Debug|Any CPU
		{A8C4E2F1-9B3D-4E6A-8C1F-2D5E7A9B0C3D}.Debug|x64.Build.0 = Debug|Any CPU
		{A8C4E2F1-9B3D-4E6A-8C1F-2D5E7A9B0C3D}.Debug|x86.ActiveCfg = Debug|Any CPU
		{A8C4E2F1-9B3D-4E6A-8C1F-2D5E7A9B0C3D}.Debug|x86.Build.0 = Debug|Any CPU
		{A8C4E2F1-9B3D-4E6A-8C1F-2D5E7A9B0C3D}.Release|Any CPU.ActiveCfg = Release|Any CPU
		{A8C4E2F1-9B3D-4E6A-8C1F-2D5E7A9B0C3D}.Release|Any CPU.Build.0 = Release|Any CPU
		{A8C4E2F1-9B3D-4E6A-8C1F-2D5E7A9B0C3D}.Release|x64.ActiveCfg = Release|Any CPU
		{A8C4E2F1-9B3D-4E6A-8C1F-2D5E7A9B0C3D}.Release|x64.Build.0 = Release|Any CPU
		{A8C4E2F1-9B3D-4E6A-8C1F-2D5E7A9B0C3D}.Release|x86.ActiveCfg = Release|Any CPU
		{A8C4E2F1-9B3D-4E6A-8C1F-2D5E7A9B0C3D}.Release|x86.Build.0 = Release|Any CPU
		{CAA7F433-F525-4E0C-A38C-28A1CC0DD80D}.Debug|Any CPU.ActiveCfg = Debug|Any CPU
		{CAA7F433-F525-4E0C-A38C-28A1CC0DD80D}.Debug|Any CPU.Build.0 = Debug|Any CPU
		{CAA7F433-F525-4E0C-A38C-28A1CC0DD80D}.Debug|x64.ActiveCfg = Debug|Any CPU
		{CAA7F433-F525-4E0C-A38C-28A1CC0DD80D}.Debug|x64.Build.0 = Debug|Any CPU
		{CAA7F433-F525-4E0C-A38C-28A1CC0DD80D}.Debug|x86.ActiveCfg = Debug|Any CPU
		{CAA7F433-F525-4E0C-A38C-28A1CC0DD80D}.Debug|x86.Build.0 = Debug|Any CPU
		{CAA7F433-F525-4E0C-A38C-28A1CC0DD80D}.Release|Any CPU.ActiveCfg = Release|Any CPU
		{CAA7F433-F525-4E0C-A38C-28A1CC0DD80D}.Release|Any CPU.Build.0 = Release|Any CPU
		{CAA7F433-F525-4E0C-A38C-28A1CC0DD80D}.Release|x64.ActiveCfg = Release|Any CPU
		{CAA7F433-F525-4E0C-A38C-28A1CC0DD80D}.Release|x64.Build.0 = Release|Any CPU
		{CAA7F433-F525-4E0C-A38C-28A1CC0DD80D}.Release|x86.ActiveCfg = Release|Any CPU
		{CAA7F433-F525-4E0C-A38C-28A1CC0DD80D}.Release|x86.Build.0 = Release|Any CPU
		{D1E2F3A4-B5C6-7890-D1E2-F3A4B5C67890}.Debug|Any CPU.ActiveCfg = Debug|Any CPU
		{D1E2F3A4-B5C6-7890-D1E2-F3A4B5C67890}.Debug|Any CPU.Build.0 = Debug|Any CPU
		{D1E2F3A4-B5C6-7890-D1E2-F3A4B5C67890}.Debug|x64.ActiveCfg = Debug|Any CPU
		{D1E2F3A4-B5C6-7890-D1E2-F3A4B5C67890}.Debug|x64.Build.0 = Debug|Any CPU
		{D1E2F3A4-B5C6-7890-D1E2-F3A4B5C67890}.Debug|x86.ActiveCfg = Debug|Any CPU
		{D1E2F3A4-B5C6-7890-D1E2-F3A4B5C67890}.Debug|x86.Build.0 = Debug|Any CPU
		{D1E2F3A4-B5C6-7890-D1E2-F3A4B5C67890}.Release|Any CPU.ActiveCfg = Release|Any CPU
		{D1E2F3A4-B5C6-7890-D1E2-F3A4B5C67890}.Release|Any CPU.Build.0 = Release|Any CPU
		{D1E2F3A4-B5C6-7890-D1E2-F3A4B5C67890}.Release|x64.ActiveCfg = Release|Any CPU
		{D1E2F3A4-B5C6-7890-D1E2-F3A4B5C67890}.Release|x64.Build.0 = Release|Any CPU
		{D1E2F3A4-B5C6-7890-D1E2-F3A4B5C67890}.Release|x86.ActiveCfg = Release|Any CPU
		{D1E2F3A4-B5C6-7890-D1E2-F3A4B5C67890}.Release|x86.Build.0 = Release|Any CPU
		{B102F032-0EB6-4D69-986E-BEF8F1C604F2}.Debug|Any CPU.ActiveCfg = Debug|Any CPU
		{B102F032-0EB6-4D69-986E-BEF8F1C604F2}.Debug|Any CPU.Build.0 = Debug|Any CPU
		{B102F032-0EB6-4D69-986E-BEF8F1C604F2}.Debug|x64.ActiveCfg = Debug|Any CPU
		{B102F032-0EB6-4D69-986E-BEF8F1C604F2}.Debug|x64.Build.0 = Debug|Any CPU
		{B102F032-0EB6-4D69-986E-BEF8F1C604F2}.Debug|x86.ActiveCfg = Debug|Any CPU
		{B102F032-0EB6-4D69-986E-BEF8F1C604F2}.Debug|x86.Build.0 = Debug|Any CPU
		{B102F032-0EB6-4D69-986E-BEF8F1C604F2}.Release|Any CPU.ActiveCfg = Release|Any CPU
		{B102F032-0EB6-4D69-986E-BEF8F1C604F2}.Release|Any CPU.Build.0 = Release|Any CPU
		{B102F032-0EB6-4D69-986E-BEF8F1C604F2}.Release|x64.ActiveCfg = Release|Any CPU
		{B102F032-0EB6-4D69-986E-BEF8F1C604F2}.Release|x64.Build.0 = Release|Any CPU
		{B102F032-0EB6-4D69-986E-BEF8F1C604F2}.Release|x86.ActiveCfg = Release|Any CPU
		{B102F032-0EB6-4D69-986E-BEF8F1C604F2}.Release|x86.Build.0 = Release|Any CPU
		{A7997BE1-7687-439E-92BA-5BB65E29B2A1}.Debug|Any CPU.ActiveCfg = Debug|Any CPU
		{A7997BE1-7687-439E-92BA-5BB65E29B2A1}.Debug|Any CPU.Build.0 = Debug|Any CPU
		{A7997BE1-7687-439E-92BA-5BB65E29B2A1}.Debug|x64.ActiveCfg = Debug|Any CPU
		{A7997BE1-7687-439E-92BA-5BB65E29B2A1}.Debug|x64.Build.0 = Debug|Any CPU
		{A7997BE1-7687-439E-92BA-5BB65E29B2A1}.Debug|x86.ActiveCfg = Debug|Any CPU
		{A7997BE1-7687-439E-92BA-5BB65E29B2A1}.Debug|x86.Build.0 = Debug|Any CPU
		{A7997BE1-7687-439E-92BA-5BB65E29B2A1}.Release|Any CPU.ActiveCfg = Release|Any CPU
		{A7997BE1-7687-439E-92BA-5BB65E29B2A1}.Release|Any CPU.Build.0 = Release|Any CPU
		{A7997BE1-7687-439E-92BA-5BB65E29B2A1}.Release|x64.ActiveCfg = Release|Any CPU
		{A7997BE1-7687-439E-92BA-5BB65E29B2A1}.Release|x64.Build.0 = Release|Any CPU
		{A7997BE1-7687-439E-92BA-5BB65E29B2A1}.Release|x86.ActiveCfg = Release|Any CPU
		{A7997BE1-7687-439E-92BA-5BB65E29B2A1}.Release|x86.Build.0 = Release|Any CPU
		{048B0260-5B84-4D71-AED7-7674E964AB04}.Debug|Any CPU.ActiveCfg = Debug|Any CPU
		{048B0260-5B84-4D71-AED7-7674E964AB04}.Debug|Any CPU.Build.0 = Debug|Any CPU
		{048B0260-5B84-4D71-AED7-7674E964AB04}.Debug|x64.ActiveCfg = Debug|Any CPU
		{048B0260-5B84-4D71-AED7-7674E964AB04}.Debug|x64.Build.0 = Debug|Any CPU
		{048B0260-5B84-4D71-AED7-7674E964AB04}.Debug|x86.ActiveCfg = Debug|Any CPU
		{048B0260-5B84-4D71-AED7-7674E964AB04}.Debug|x86.Build.0 = Debug|Any CPU
		{048B0260-5B84-4D71-AED7-7674E964AB04}.Release|Any CPU.ActiveCfg = Release|Any CPU
		{048B0260-5B84-4D71-AED7-7674E964AB04}.Release|Any CPU.Build.0 = Release|Any CPU
		{048B0260-5B84-4D71-AED7-7674E964AB04}.Release|x64.ActiveCfg = Release|Any CPU
		{048B0260-5B84-4D71-AED7-7674E964AB04}.Release|x64.Build.0 = Release|Any CPU
		{048B0260-5B84-4D71-AED7-7674E964AB04}.Release|x86.ActiveCfg = Release|Any CPU
		{048B0260-5B84-4D71-AED7-7674E964AB04}.Release|x86.Build.0 = Release|Any CPU
		{2FCE259F-D369-4A9B-884A-70C19EC3EBF4}.Debug|Any CPU.ActiveCfg = Debug|Any CPU
		{2FCE259F-D369-4A9B-884A-70C19EC3EBF4}.Debug|Any CPU.Build.0 = Debug|Any CPU
		{2FCE259F-D369-4A9B-884A-70C19EC3EBF4}.Debug|x64.ActiveCfg = Debug|Any CPU
		{2FCE259F-D369-4A9B-884A-70C19EC3EBF4}.Debug|x64.Build.0 = Debug|Any CPU
		{2FCE259F-D369-4A9B-884A-70C19EC3EBF4}.Debug|x86.ActiveCfg = Debug|Any CPU
		{2FCE259F-D369-4A9B-884A-70C19EC3EBF4}.Debug|x86.Build.0 = Debug|Any CPU
		{2FCE259F-D369-4A9B-884A-70C19EC3EBF4}.Release|Any CPU.ActiveCfg = Release|Any CPU
		{2FCE259F-D369-4A9B-884A-70C19EC3EBF4}.Release|Any CPU.Build.0 = Release|Any CPU
		{2FCE259F-D369-4A9B-884A-70C19EC3EBF4}.Release|x64.ActiveCfg = Release|Any CPU
		{2FCE259F-D369-4A9B-884A-70C19EC3EBF4}.Release|x64.Build.0 = Release|Any CPU
		{2FCE259F-D369-4A9B-884A-70C19EC3EBF4}.Release|x86.ActiveCfg = Release|Any CPU
		{2FCE259F-D369-4A9B-884A-70C19EC3EBF4}.Release|x86.Build.0 = Release|Any CPU
		{5203D5E9-B882-486D-8DF2-A43A26FF637B}.Debug|Any CPU.ActiveCfg = Debug|Any CPU
		{5203D5E9-B882-486D-8DF2-A43A26FF637B}.Debug|Any CPU.Build.0 = Debug|Any CPU
		{5203D5E9-B882-486D-8DF2-A43A26FF637B}.Debug|x64.ActiveCfg = Debug|Any CPU
		{5203D5E9-B882-486D-8DF2-A43A26FF637B}.Debug|x64.Build.0 = Debug|Any CPU
		{5203D5E9-B882-486D-8DF2-A43A26FF637B}.Debug|x86.ActiveCfg = Debug|Any CPU
		{5203D5E9-B882-486D-8DF2-A43A26FF637B}.Debug|x86.Build.0 = Debug|Any CPU
		{5203D5E9-B882-486D-8DF2-A43A26FF637B}.Release|Any CPU.ActiveCfg = Release|Any CPU
		{5203D5E9-B882-486D-8DF2-A43A26FF637B}.Release|Any CPU.Build.0 = Release|Any CPU
		{5203D5E9-B882-486D-8DF2-A43A26FF637B}.Release|x64.ActiveCfg = Release|Any CPU
		{5203D5E9-B882-486D-8DF2-A43A26FF637B}.Release|x64.Build.0 = Release|Any CPU
		{5203D5E9-B882-486D-8DF2-A43A26FF637B}.Release|x86.ActiveCfg = Release|Any CPU
		{5203D5E9-B882-486D-8DF2-A43A26FF637B}.Release|x86.Build.0 = Release|Any CPU
		{0BCDF10C-5B6A-4D65-AC19-8C99372D4B15}.Debug|Any CPU.ActiveCfg = Debug|Any CPU
		{0BCDF10C-5B6A-4D65-AC19-8C99372D4B15}.Debug|Any CPU.Build.0 = Debug|Any CPU
		{0BCDF10C-5B6A-4D65-AC19-8C99372D4B15}.Debug|x64.ActiveCfg = Debug|Any CPU
		{0BCDF10C-5B6A-4D65-AC19-8C99372D4B15}.Debug|x64.Build.0 = Debug|Any CPU
		{0BCDF10C-5B6A-4D65-AC19-8C99372D4B15}.Debug|x86.ActiveCfg = Debug|Any CPU
		{0BCDF10C-5B6A-4D65-AC19-8C99372D4B15}.Debug|x86.Build.0 = Debug|Any CPU
		{0BCDF10C-5B6A-4D65-AC19-8C99372D4B15}.Release|Any CPU.ActiveCfg = Release|Any CPU
		{0BCDF10C-5B6A-4D65-AC19-8C99372D4B15}.Release|Any CPU.Build.0 = Release|Any CPU
		{0BCDF10C-5B6A-4D65-AC19-8C99372D4B15}.Release|x64.ActiveCfg = Release|Any CPU
		{0BCDF10C-5B6A-4D65-AC19-8C99372D4B15}.Release|x64.Build.0 = Release|Any CPU
		{0BCDF10C-5B6A-4D65-AC19-8C99372D4B15}.Release|x86.ActiveCfg = Release|Any CPU
		{0BCDF10C-5B6A-4D65-AC19-8C99372D4B15}.Release|x86.Build.0 = Release|Any CPU
		{A29D9E46-87EA-48C7-BA6C-2BA623296611}.Debug|Any CPU.ActiveCfg = Debug|Any CPU
		{A29D9E46-87EA-48C7-BA6C-2BA623296611}.Debug|Any CPU.Build.0 = Debug|Any CPU
		{A29D9E46-87EA-48C7-BA6C-2BA623296611}.Debug|x64.ActiveCfg = Debug|Any CPU
		{A29D9E46-87EA-48C7-BA6C-2BA623296611}.Debug|x64.Build.0 = Debug|Any CPU
		{A29D9E46-87EA-48C7-BA6C-2BA623296611}.Debug|x86.ActiveCfg = Debug|Any CPU
		{A29D9E46-87EA-48C7-BA6C-2BA623296611}.Debug|x86.Build.0 = Debug|Any CPU
		{A29D9E46-87EA-48C7-BA6C-2BA623296611}.Release|Any CPU.ActiveCfg = Release|Any CPU
		{A29D9E46-87EA-48C7-BA6C-2BA623296611}.Release|Any CPU.Build.0 = Release|Any CPU
		{A29D9E46-87EA-48C7-BA6C-2BA623296611}.Release|x64.ActiveCfg = Release|Any CPU
		{A29D9E46-87EA-48C7-BA6C-2BA623296611}.Release|x64.Build.0 = Release|Any CPU
		{A29D9E46-87EA-48C7-BA6C-2BA623296611}.Release|x86.ActiveCfg = Release|Any CPU
		{A29D9E46-87EA-48C7-BA6C-2BA623296611}.Release|x86.Build.0 = Release|Any CPU
		{7F3A9C21-8E4B-4D6A-A1C2-9B0E5F7D3A18}.Debug|Any CPU.ActiveCfg = Debug|Any CPU
		{7F3A9C21-8E4B-4D6A-A1C2-9B0E5F7D3A18}.Debug|Any CPU.Build.0 = Debug|Any CPU
		{7F3A9C21-8E4B-4D6A-A1C2-9B0E5F7D3A18}.Debug|x64.ActiveCfg = Debug|Any CPU
		{7F3A9C21-8E4B-4D6A-A1C2-9B0E5F7D3A18}.Debug|x64.Build.0 = Debug|Any CPU
		{7F3A9C21-8E4B-4D6A-A1C2-9B0E5F7D3A18}.Debug|x86.ActiveCfg = Debug|Any CPU
		{7F3A9C21-8E4B-4D6A-A1C2-9B0E5F7D3A18}.Debug|x86.Build.0 = Debug|Any CPU
		{7F3A9C21-8E4B-4D6A-A1C2-9B0E5F7D3A18}.Release|Any CPU.ActiveCfg = Release|Any CPU
		{7F3A9C21-8E4B-4D6A-A1C2-9B0E5F7D3A18}.Release|Any CPU.Build.0 = Release|Any CPU
		{7F3A9C21-8E4B-4D6A-A1C2-9B0E5F7D3A18}.Release|x64.ActiveCfg = Release|Any CPU
		{7F3A9C21-8E4B-4D6A-A1C2-9B0E5F7D3A18}.Release|x64.Build.0 = Release|Any CPU
		{7F3A9C21-8E4B-4D6A-A1C2-9B0E5F7D3A18}.Release|x86.ActiveCfg = Release|Any CPU
		{7F3A9C21-8E4B-4D6A-A1C2-9B0E5F7D3A18}.Release|x86.Build.0 = Release|Any CPU
	EndGlobalSection
	GlobalSection(SolutionProperties) = preSolution
		HideSolutionNode = FALSE
	EndGlobalSection
	GlobalSection(NestedProjects) = preSolution
		{957F55C7-B5D1-4515-A62D-F7D557F363CE} = {CD3FF79F-43C3-4369-8190-6F1567E34BF8}
		{47317D2E-9146-4CD3-AAEF-EF4F6C667218} = {CD3FF79F-43C3-4369-8190-6F1567E34BF8}
		{C5AB2292-CB43-456F-94CD-AE137EF98E32} = {5EF46000-3E9B-4371-ACD5-7361A0BB59B9}
		{EFDED725-FE18-48ED-A4D3-329B2F93CB98} = {C5AB2292-CB43-456F-94CD-AE137EF98E32}
		{2500BB3A-9B7D-4861-8253-6E07DA83D799} = {5EF46000-3E9B-4371-ACD5-7361A0BB59B9}
		{F07DC549-B48A-4F27-8091-284C65F2CAF2} = {2500BB3A-9B7D-4861-8253-6E07DA83D799}
		{A1B2C3D4-E5F6-7890-ABCD-EF1234567890} = {5EF46000-3E9B-4371-ACD5-7361A0BB59B9}
		{B2C3D4E5-F6A7-8901-BCDE-F12345678901} = {A1B2C3D4-E5F6-7890-ABCD-EF1234567890}
		{EE5957A0-CAF9-43CF-8219-BF83506887C4} = {44B8BF88-F247-4E3F-9489-44B353376C0D}
		{A8C4E2F1-9B3D-4E6A-8C1F-2D5E7A9B0C3D} = {44B8BF88-F247-4E3F-9489-44B353376C0D}
		{CAA7F433-F525-4E0C-A38C-28A1CC0DD80D} = {44B8BF88-F247-4E3F-9489-44B353376C0D}
		{D1E2F3A4-B5C6-7890-D1E2-F3A4B5C67890} = {44B8BF88-F247-4E3F-9489-44B353376C0D}
		{B102F032-0EB6-4D69-986E-BEF8F1C604F2} = {44B8BF88-F247-4E3F-9489-44B353376C0D}
		{23ED2749-A63C-42F6-BE9F-1F1BB0DA083E} = {5EF46000-3E9B-4371-ACD5-7361A0BB59B9}
		{A7997BE1-7687-439E-92BA-5BB65E29B2A1} = {23ED2749-A63C-42F6-BE9F-1F1BB0DA083E}
		{F8364035-CDA1-3FFB-89C5-187C916D220D} = {5EF46000-3E9B-4371-ACD5-7361A0BB59B9}
		{048B0260-5B84-4D71-AED7-7674E964AB04} = {F8364035-CDA1-3FFB-89C5-187C916D220D}
		{2FCE259F-D369-4A9B-884A-70C19EC3EBF4} = {44B8BF88-F247-4E3F-9489-44B353376C0D}
		{5203D5E9-B882-486D-8DF2-A43A26FF637B} = {44B8BF88-F247-4E3F-9489-44B353376C0D}
		{0BCDF10C-5B6A-4D65-AC19-8C99372D4B15} = {F8364035-CDA1-3FFB-89C5-187C916D220D}
		{566CC9D6-C01A-7B80-907E-26E496156BF2} = {5EF46000-3E9B-4371-ACD5-7361A0BB59B9}
		{A29D9E46-87EA-48C7-BA6C-2BA623296611} = {566CC9D6-C01A-7B80-907E-26E496156BF2}
		{7F3A9C21-8E4B-4D6A-A1C2-9B0E5F7D3A18} = {566CC9D6-C01A-7B80-907E-26E496156BF2}
	EndGlobalSection
EndGlobal
